
Microsoft Visual Studio Solution File, Format Version 12.00
# Visual Studio Version 16
VisualStudioVersion = 16.0.31829.152
MinimumVisualStudioVersion = 10.0.40219.1
Project("{FAE04EC0-301F-11D3-BF4B-00C04F79EFBC}") = "WPF 12.1", "WPF 12.1\WPF 12.1.csproj", "{B0DDDD83-3F4B-4C51-BDDA-AE97F35B78A0}"
EndProject
Global
	GlobalSection(SolutionConfigurationPlatforms) = preSolution
		Debug|Any CPU = Debug|Any CPU
		Release|Any CPU = Release|Any CPU
	EndGlobalSection
	GlobalSection(ProjectConfigurationPlatforms) = postSolution
		{B0DDDD83-3F4B-4C51-BDDA-AE97F35B78A0}.Debug|Any CPU.ActiveCfg = Debug|Any CPU
		{B0DDDD83-3F4B-4C51-BDDA-AE97F35B78A0}.Debug|Any CPU.Build.0 = Debug|Any CPU
		{B0DDDD83-3F4B-4C51-BDDA-AE97F35B78A0}.Release|Any CPU.ActiveCfg = Release|Any CPU
		{B0DDDD83-3F4B-4C51-BDDA-AE97F35B78A0}.Release|Any CPU.Build.0 = Release|Any CPU
	EndGlobalSection
	GlobalSection(SolutionProperties) = preSolution
		HideSolutionNode = FALSE
	EndGlobalSection
	GlobalSection(ExtensibilityGlobals) = postSolution
		SolutionGuid = {71FD9C12-A347-45A3-B5B5-15B621BFDD74}
	EndGlobalSection
EndGlobal
